// !$*UTF8*$!
{
	archiveVersion = 1;
	classes = {
	};
	objectVersion = 55;
	objects = {

/* Begin PBXBuildFile section */
		89828576C926BEBA258B2701 /* Pods_FoursquareClone_FoursquareCloneUITests.framework in Frameworks */ = {isa = PBXBuildFile; fileRef = 47F6397720D64D68EF94B869 /* Pods_FoursquareClone_FoursquareCloneUITests.framework */; };
		E66EC84027F8AF4F00B42D85 /* AppDelegate.swift in Sources */ = {isa = PBXBuildFile; fileRef = E66EC83F27F8AF4F00B42D85 /* AppDelegate.swift */; };
		E66EC84227F8AF4F00B42D85 /* SceneDelegate.swift in Sources */ = {isa = PBXBuildFile; fileRef = E66EC84127F8AF4F00B42D85 /* SceneDelegate.swift */; };
		E66EC84427F8AF4F00B42D85 /* SignUPVC.swift in Sources */ = {isa = PBXBuildFile; fileRef = E66EC84327F8AF4F00B42D85 /* SignUPVC.swift */; };
		E66EC84727F8AF4F00B42D85 /* Main.storyboard in Resources */ = {isa = PBXBuildFile; fileRef = E66EC84527F8AF4F00B42D85 /* Main.storyboard */; };
		E66EC84927F8AF5100B42D85 /* Assets.xcassets in Resources */ = {isa = PBXBuildFile; fileRef = E66EC84827F8AF5100B42D85 /* Assets.xcassets */; };
		E66EC84C27F8AF5100B42D85 /* LaunchScreen.storyboard in Resources */ = {isa = PBXBuildFile; fileRef = E66EC84A27F8AF5100B42D85 /* LaunchScreen.storyboard */; };
		E66EC85727F8AF5100B42D85 /* FoursquareCloneTests.swift in Sources */ = {isa = PBXBuildFile; fileRef = E66EC85627F8AF5100B42D85 /* FoursquareCloneTests.swift */; };
		E66EC86127F8AF5100B42D85 /* FoursquareCloneUITests.swift in Sources */ = {isa = PBXBuildFile; fileRef = E66EC86027F8AF5100B42D85 /* FoursquareCloneUITests.swift */; };
		E66EC86327F8AF5100B42D85 /* FoursquareCloneUITestsLaunchTests.swift in Sources */ = {isa = PBXBuildFile; fileRef = E66EC86227F8AF5100B42D85 /* FoursquareCloneUITestsLaunchTests.swift */; };
		E66EC87027F8BAE300B42D85 /* PlacesVC.swift in Sources */ = {isa = PBXBuildFile; fileRef = E66EC86F27F8BAE300B42D85 /* PlacesVC.swift */; };
		E66EC87227F8F7B100B42D85 /* AddPlaceVC.swift in Sources */ = {isa = PBXBuildFile; fileRef = E66EC87127F8F7B100B42D85 /* AddPlaceVC.swift */; };
		E66EC87427F8F90C00B42D85 /* MapVc.swift in Sources */ = {isa = PBXBuildFile; fileRef = E66EC87327F8F90C00B42D85 /* MapVc.swift */; };
		E66EC87627F8FC8100B42D85 /* DetailsVC.swift in Sources */ = {isa = PBXBuildFile; fileRef = E66EC87527F8FC8100B42D85 /* DetailsVC.swift */; };
		E66EC87827F9022100B42D85 /* PlaceModelWithSingleton.swift in Sources */ = {isa = PBXBuildFile; fileRef = E66EC87727F9022100B42D85 /* PlaceModelWithSingleton.swift */; };
		F8A3771BD5E9D857F8F3A6C7 /* Pods_FoursquareCloneTests.framework in Frameworks */ = {isa = PBXBuildFile; fileRef = 6F4D5626874F92D799A2133D /* Pods_FoursquareCloneTests.framework */; };
		FC4ACD1ED65EC4B30A34944F /* Pods_FoursquareClone.framework in Frameworks */ = {isa = PBXBuildFile; fileRef = 19D6EFFA5C942267B747F3DB /* Pods_FoursquareClone.framework */; };
/* End PBXBuildFile section */

/* Begin PBXContainerItemProxy section */
		E66EC85327F8AF5100B42D85 /* PBXContainerItemProxy */ = {
			isa = PBXContainerItemProxy;
			containerPortal = E66EC83427F8AF4F00B42D85 /* Project object */;
			proxyType = 1;
			remoteGlobalIDString = E66EC83B27F8AF4F00B42D85;
			remoteInfo = FoursquareClone;
		};
		E66EC85D27F8AF5100B42D85 /* PBXContainerItemProxy */ = {
			isa = PBXContainerItemProxy;
			containerPortal = E66EC83427F8AF4F00B42D85 /* Project object */;
			proxyType = 1;
			remoteGlobalIDString = E66EC83B27F8AF4F00B42D85;
			remoteInfo = FoursquareClone;
		};
/* End PBXContainerItemProxy section */

/* Begin PBXFileReference section */
		0CE14AAB3CD30C99E5C3904F /* Pods-FoursquareClone.release.xcconfig */ = {isa = PBXFileReference; includeInIndex = 1; lastKnownFileType = text.xcconfig; name = "Pods-FoursquareClone.release.xcconfig"; path = "Target Support Files/Pods-FoursquareClone/Pods-FoursquareClone.release.xcconfig"; sourceTree = "<group>"; };
		19D6EFFA5C942267B747F3DB /* Pods_FoursquareClone.framework */ = {isa = PBXFileReference; explicitFileType = wrapper.framework; includeInIndex = 0; path = Pods_FoursquareClone.framework; sourceTree = BUILT_PRODUCTS_DIR; };
		422A377F264BF59AD07E2421 /* Pods-FoursquareCloneTests.release.xcconfig */ = {isa = PBXFileReference; includeInIndex = 1; lastKnownFileType = text.xcconfig; name = "Pods-FoursquareCloneTests.release.xcconfig"; path = "Target Support Files/Pods-FoursquareCloneTests/Pods-FoursquareCloneTests.release.xcconfig"; sourceTree = "<group>"; };
		47F6397720D64D68EF94B869 /* Pods_FoursquareClone_FoursquareCloneUITests.framework */ = {isa = PBXFileReference; explicitFileType = wrapper.framework; includeInIndex = 0; path = Pods_FoursquareClone_FoursquareCloneUITests.framework; sourceTree = BUILT_PRODUCTS_DIR; };
		514913C18D2337ABB02299BF /* Pods-FoursquareClone.debug.xcconfig */ = {isa = PBXFileReference; includeInIndex = 1; lastKnownFileType = text.xcconfig; name = "Pods-FoursquareClone.debug.xcconfig"; path = "Target Support Files/Pods-FoursquareClone/Pods-FoursquareClone.debug.xcconfig"; sourceTree = "<group>"; };
		6F4D5626874F92D799A2133D /* Pods_FoursquareCloneTests.framework */ = {isa = PBXFileReference; explicitFileType = wrapper.framework; includeInIndex = 0; path = Pods_FoursquareCloneTests.framework; sourceTree = BUILT_PRODUCTS_DIR; };
		76248B18AD6D105B93A79856 /* Pods-FoursquareClone-FoursquareCloneUITests.release.xcconfig */ = {isa = PBXFileReference; includeInIndex = 1; lastKnownFileType = text.xcconfig; name = "Pods-FoursquareClone-FoursquareCloneUITests.release.xcconfig"; path = "Target Support Files/Pods-FoursquareClone-FoursquareCloneUITests/Pods-FoursquareClone-FoursquareCloneUITests.release.xcconfig"; sourceTree = "<group>"; };
		80E2E5C0044BAAFD7E878E94 /* Pods-FoursquareCloneTests.debug.xcconfig */ = {isa = PBXFileReference; includeInIndex = 1; lastKnownFileType = text.xcconfig; name = "Pods-FoursquareCloneTests.debug.xcconfig"; path = "Target Support Files/Pods-FoursquareCloneTests/Pods-FoursquareCloneTests.debug.xcconfig"; sourceTree = "<group>"; };
		E66EC83C27F8AF4F00B42D85 /* FoursquareClone.app */ = {isa = PBXFileReference; explicitFileType = wrapper.application; includeInIndex = 0; path = FoursquareClone.app; sourceTree = BUILT_PRODUCTS_DIR; };
		E66EC83F27F8AF4F00B42D85 /* AppDelegate.swift */ = {isa = PBXFileReference; lastKnownFileType = sourcecode.swift; path = AppDelegate.swift; sourceTree = "<group>"; };
		E66EC84127F8AF4F00B42D85 /* SceneDelegate.swift */ = {isa = PBXFileReference; lastKnownFileType = sourcecode.swift; path = SceneDelegate.swift; sourceTree = "<group>"; };
		E66EC84327F8AF4F00B42D85 /* SignUPVC.swift */ = {isa = PBXFileReference; lastKnownFileType = sourcecode.swift; path = SignUPVC.swift; sourceTree = "<group>"; };
		E66EC84627F8AF4F00B42D85 /* Base */ = {isa = PBXFileReference; lastKnownFileType = file.storyboard; name = Base; path = Base.lproj/Main.storyboard; sourceTree = "<group>"; };
		E66EC84827F8AF5100B42D85 /* Assets.xcassets */ = {isa = PBXFileReference; lastKnownFileType = folder.assetcatalog; path = Assets.xcassets; sourceTree = "<group>"; };
		E66EC84B27F8AF5100B42D85 /* Base */ = {isa = PBXFileReference; lastKnownFileType = file.storyboard; name = Base; path = Base.lproj/LaunchScreen.storyboard; sourceTree = "<group>"; };
		E66EC84D27F8AF5100B42D85 /* Info.plist */ = {isa = PBXFileReference; lastKnownFileType = text.plist.xml; path = Info.plist; sourceTree = "<group>"; };
		E66EC85227F8AF5100B42D85 /* FoursquareCloneTests.xctest */ = {isa = PBXFileReference; explicitFileType = wrapper.cfbundle; includeInIndex = 0; path = FoursquareCloneTests.xctest; sourceTree = BUILT_PRODUCTS_DIR; };
		E66EC85627F8AF5100B42D85 /* FoursquareCloneTests.swift */ = {isa = PBXFileReference; lastKnownFileType = sourcecode.swift; path = FoursquareCloneTests.swift; sourceTree = "<group>"; };
		E66EC85C27F8AF5100B42D85 /* FoursquareCloneUITests.xctest */ = {isa = PBXFileReference; explicitFileType = wrapper.cfbundle; includeInIndex = 0; path = FoursquareCloneUITests.xctest; sourceTree = BUILT_PRODUCTS_DIR; };
		E66EC86027F8AF5100B42D85 /* FoursquareCloneUITests.swift */ = {isa = PBXFileReference; lastKnownFileType = sourcecode.swift; path = FoursquareCloneUITests.swift; sourceTree = "<group>"; };
		E66EC86227F8AF5100B42D85 /* FoursquareCloneUITestsLaunchTests.swift */ = {isa = PBXFileReference; lastKnownFileType = sourcecode.swift; path = FoursquareCloneUITestsLaunchTests.swift; sourceTree = "<group>"; };
		E66EC86F27F8BAE300B42D85 /* PlacesVC.swift */ = {isa = PBXFileReference; lastKnownFileType = sourcecode.swift; path = PlacesVC.swift; sourceTree = "<group>"; };
		E66EC87127F8F7B100B42D85 /* AddPlaceVC.swift */ = {isa = PBXFileReference; lastKnownFileType = sourcecode.swift; path = AddPlaceVC.swift; sourceTree = "<group>"; };
		E66EC87327F8F90C00B42D85 /* MapVc.swift */ = {isa = PBXFileReference; lastKnownFileType = sourcecode.swift; path = MapVc.swift; sourceTree = "<group>"; };
		E66EC87527F8FC8100B42D85 /* DetailsVC.swift */ = {isa = PBXFileReference; lastKnownFileType = sourcecode.swift; path = DetailsVC.swift; sourceTree = "<group>"; };
		E66EC87727F9022100B42D85 /* PlaceModelWithSingleton.swift */ = {isa = PBXFileReference; lastKnownFileType = sourcecode.swift; path = PlaceModelWithSingleton.swift; sourceTree = "<group>"; };
		F0115A3D7267F16CF3B1D563 /* Pods-FoursquareClone-FoursquareCloneUITests.debug.xcconfig */ = {isa = PBXFileReference; includeInIndex = 1; lastKnownFileType = text.xcconfig; name = "Pods-FoursquareClone-FoursquareCloneUITests.debug.xcconfig"; path = "Target Support Files/Pods-FoursquareClone-FoursquareCloneUITests/Pods-FoursquareClone-FoursquareCloneUITests.debug.xcconfig"; sourceTree = "<group>"; };
/* End PBXFileReference section */

/* Begin PBXFrameworksBuildPhase section */
		E66EC83927F8AF4F00B42D85 /* Frameworks */ = {
			isa = PBXFrameworksBuildPhase;
			buildActionMask = 2147483647;
			files = (
				FC4ACD1ED65EC4B30A34944F /* Pods_FoursquareClone.framework in Frameworks */,
			);
			runOnlyForDeploymentPostprocessing = 0;
		};
		E66EC84F27F8AF5100B42D85 /* Frameworks */ = {
			isa = PBXFrameworksBuildPhase;
			buildActionMask = 2147483647;
			files = (
				F8A3771BD5E9D857F8F3A6C7 /* Pods_FoursquareCloneTests.framework in Frameworks */,
			);
			runOnlyForDeploymentPostprocessing = 0;
		};
		E66EC85927F8AF5100B42D85 /* Frameworks */ = {
			isa = PBXFrameworksBuildPhase;
			buildActionMask = 2147483647;
			files = (
				89828576C926BEBA258B2701 /* Pods_FoursquareClone_FoursquareCloneUITests.framework in Frameworks */,
			);
			runOnlyForDeploymentPostprocessing = 0;
		};
/* End PBXFrameworksBuildPhase section */

/* Begin PBXGroup section */
		7BD5EE88024C36A8B9D196CE /* Frameworks */ = {
			isa = PBXGroup;
			children = (
				19D6EFFA5C942267B747F3DB /* Pods_FoursquareClone.framework */,
				47F6397720D64D68EF94B869 /* Pods_FoursquareClone_FoursquareCloneUITests.framework */,
				6F4D5626874F92D799A2133D /* Pods_FoursquareCloneTests.framework */,
			);
			name = Frameworks;
			sourceTree = "<group>";
		};
		9D261C0C8666E99C4658B4FF /* Pods */ = {
			isa = PBXGroup;
			children = (
				514913C18D2337ABB02299BF /* Pods-FoursquareClone.debug.xcconfig */,
				0CE14AAB3CD30C99E5C3904F /* Pods-FoursquareClone.release.xcconfig */,
				F0115A3D7267F16CF3B1D563 /* Pods-FoursquareClone-FoursquareCloneUITests.debug.xcconfig */,
				76248B18AD6D105B93A79856 /* Pods-FoursquareClone-FoursquareCloneUITests.release.xcconfig */,
				80E2E5C0044BAAFD7E878E94 /* Pods-FoursquareCloneTests.debug.xcconfig */,
				422A377F264BF59AD07E2421 /* Pods-FoursquareCloneTests.release.xcconfig */,
			);
			path = Pods;
			sourceTree = "<group>";
		};
		E66EC83327F8AF4F00B42D85 = {
			isa = PBXGroup;
			children = (
				E66EC83E27F8AF4F00B42D85 /* FoursquareClone */,
				E66EC85527F8AF5100B42D85 /* FoursquareCloneTests */,
				E66EC85F27F8AF5100B42D85 /* FoursquareCloneUITests */,
				E66EC83D27F8AF4F00B42D85 /* Products */,
				9D261C0C8666E99C4658B4FF /* Pods */,
				7BD5EE88024C36A8B9D196CE /* Frameworks */,
			);
			sourceTree = "<group>";
		};
		E66EC83D27F8AF4F00B42D85 /* Products */ = {
			isa = PBXGroup;
			children = (
				E66EC83C27F8AF4F00B42D85 /* FoursquareClone.app */,
				E66EC85227F8AF5100B42D85 /* FoursquareCloneTests.xctest */,
				E66EC85C27F8AF5100B42D85 /* FoursquareCloneUITests.xctest */,
			);
			name = Products;
			sourceTree = "<group>";
		};
		E66EC83E27F8AF4F00B42D85 /* FoursquareClone */ = {
			isa = PBXGroup;
			children = (
				E66EC83F27F8AF4F00B42D85 /* AppDelegate.swift */,
				E66EC84127F8AF4F00B42D85 /* SceneDelegate.swift */,
				E66EC84327F8AF4F00B42D85 /* SignUPVC.swift */,
				E66EC84527F8AF4F00B42D85 /* Main.storyboard */,
				E66EC84827F8AF5100B42D85 /* Assets.xcassets */,
				E66EC84A27F8AF5100B42D85 /* LaunchScreen.storyboard */,
				E66EC84D27F8AF5100B42D85 /* Info.plist */,
				E66EC86F27F8BAE300B42D85 /* PlacesVC.swift */,
				E66EC87127F8F7B100B42D85 /* AddPlaceVC.swift */,
				E66EC87327F8F90C00B42D85 /* MapVc.swift */,
				E66EC87527F8FC8100B42D85 /* DetailsVC.swift */,
				E66EC87727F9022100B42D85 /* PlaceModelWithSingleton.swift */,
			);
			path = FoursquareClone;
			sourceTree = "<group>";
		};
		E66EC85527F8AF5100B42D85 /* FoursquareCloneTests */ = {
			isa = PBXGroup;
			children = (
				E66EC85627F8AF5100B42D85 /* FoursquareCloneTests.swift */,
			);
			path = FoursquareCloneTests;
			sourceTree = "<group>";
		};
		E66EC85F27F8AF5100B42D85 /* FoursquareCloneUITests */ = {
			isa = PBXGroup;
			children = (
				E66EC86027F8AF5100B42D85 /* FoursquareCloneUITests.swift */,
				E66EC86227F8AF5100B42D85 /* FoursquareCloneUITestsLaunchTests.swift */,
			);
			path = FoursquareCloneUITests;
			sourceTree = "<group>";
		};
/* End PBXGroup section */

/* Begin PBXNativeTarget section */
		E66EC83B27F8AF4F00B42D85 /* FoursquareClone */ = {
			isa = PBXNativeTarget;
			buildConfigurationList = E66EC86627F8AF5100B42D85 /* Build configuration list for PBXNativeTarget "FoursquareClone" */;
			buildPhases = (
				B7AC9739CFD80A918DFB28A4 /* [CP] Check Pods Manifest.lock */,
				E66EC83827F8AF4F00B42D85 /* Sources */,
				E66EC83927F8AF4F00B42D85 /* Frameworks */,
				E66EC83A27F8AF4F00B42D85 /* Resources */,
				24914997669A8824300AD43C /* [CP] Embed Pods Frameworks */,
			);
			buildRules = (
			);
			dependencies = (
			);
			name = FoursquareClone;
			productName = FoursquareClone;
			productReference = E66EC83C27F8AF4F00B42D85 /* FoursquareClone.app */;
			productType = "com.apple.product-type.application";
		};
		E66EC85127F8AF5100B42D85 /* FoursquareCloneTests */ = {
			isa = PBXNativeTarget;
			buildConfigurationList = E66EC86927F8AF5100B42D85 /* Build configuration list for PBXNativeTarget "FoursquareCloneTests" */;
			buildPhases = (
				8996BB9E548A2BB35C416C26 /* [CP] Check Pods Manifest.lock */,
				E66EC84E27F8AF5100B42D85 /* Sources */,
				E66EC84F27F8AF5100B42D85 /* Frameworks */,
				E66EC85027F8AF5100B42D85 /* Resources */,
			);
			buildRules = (
			);
			dependencies = (
				E66EC85427F8AF5100B42D85 /* PBXTargetDependency */,
			);
			name = FoursquareCloneTests;
			productName = FoursquareCloneTests;
			productReference = E66EC85227F8AF5100B42D85 /* FoursquareCloneTests.xctest */;
			productType = "com.apple.product-type.bundle.unit-test";
		};
		E66EC85B27F8AF5100B42D85 /* FoursquareCloneUITests */ = {
			isa = PBXNativeTarget;
			buildConfigurationList = E66EC86C27F8AF5100B42D85 /* Build configuration list for PBXNativeTarget "FoursquareCloneUITests" */;
			buildPhases = (
				9BD6233BFB7817F191B4E9EB /* [CP] Check Pods Manifest.lock */,
				E66EC85827F8AF5100B42D85 /* Sources */,
				E66EC85927F8AF5100B42D85 /* Frameworks */,
				E66EC85A27F8AF5100B42D85 /* Resources */,
				E2884B4BF53B2D97D3C11C3F /* [CP] Embed Pods Frameworks */,
			);
			buildRules = (
			);
			dependencies = (
				E66EC85E27F8AF5100B42D85 /* PBXTargetDependency */,
			);
			name = FoursquareCloneUITests;
			productName = FoursquareCloneUITests;
			productReference = E66EC85C27F8AF5100B42D85 /* FoursquareCloneUITests.xctest */;
			productType = "com.apple.product-type.bundle.ui-testing";
		};
/* End PBXNativeTarget section */

/* Begin PBXProject section */
		E66EC83427F8AF4F00B42D85 /* Project object */ = {
			isa = PBXProject;
			attributes = {
				BuildIndependentTargetsInParallel = 1;
				LastSwiftUpdateCheck = 1310;
				LastUpgradeCheck = 1310;
				TargetAttributes = {
					E66EC83B27F8AF4F00B42D85 = {
						CreatedOnToolsVersion = 13.1;
					};
					E66EC85127F8AF5100B42D85 = {
						CreatedOnToolsVersion = 13.1;
						TestTargetID = E66EC83B27F8AF4F00B42D85;
					};
					E66EC85B27F8AF5100B42D85 = {
						CreatedOnToolsVersion = 13.1;
						TestTargetID = E66EC83B27F8AF4F00B42D85;
					};
				};
			};
			buildConfigurationList = E66EC83727F8AF4F00B42D85 /* Build configuration list for PBXProject "FoursquareClone" */;
			compatibilityVersion = "Xcode 13.0";
			developmentRegion = en;
			hasScannedForEncodings = 0;
			knownRegions = (
				en,
				Base,
			);
			mainGroup = E66EC83327F8AF4F00B42D85;
			productRefGroup = E66EC83D27F8AF4F00B42D85 /* Products */;
			projectDirPath = "";
			projectRoot = "";
			targets = (
				E66EC83B27F8AF4F00B42D85 /* FoursquareClone */,
				E66EC85127F8AF5100B42D85 /* FoursquareCloneTests */,
				E66EC85B27F8AF5100B42D85 /* FoursquareCloneUITests */,
			);
		};
/* End PBXProject section */

/* Begin PBXResourcesBuildPhase section */
		E66EC83A27F8AF4F00B42D85 /* Resources */ = {
			isa = PBXResourcesBuildPhase;
			buildActionMask = 2147483647;
			files = (
				E66EC84C27F8AF5100B42D85 /* LaunchScreen.storyboard in Resources */,
				E66EC84927F8AF5100B42D85 /* Assets.xcassets in Resources */,
				E66EC84727F8AF4F00B42D85 /* Main.storyboard in Resources */,
			);
			runOnlyForDeploymentPostprocessing = 0;
		};
		E66EC85027F8AF5100B42D85 /* Resources */ = {
			isa = PBXResourcesBuildPhase;
			buildActionMask = 2147483647;
			files = (
			);
			runOnlyForDeploymentPostprocessing = 0;
		};
		E66EC85A27F8AF5100B42D85 /* Resources */ = {
			isa = PBXResourcesBuildPhase;
			buildActionMask = 2147483647;
			files = (
			);
			runOnlyForDeploymentPostprocessing = 0;
		};
/* End PBXResourcesBuildPhase section */

/* Begin PBXShellScriptBuildPhase section */
		24914997669A8824300AD43C /* [CP] Embed Pods Frameworks */ = {
			isa = PBXShellScriptBuildPhase;
			buildActionMask = 2147483647;
			files = (
			);
			inputFileListPaths = (
				"${PODS_ROOT}/Target Support Files/Pods-FoursquareClone/Pods-FoursquareClone-frameworks-${CONFIGURATION}-input-files.xcfilelist",
			);
			name = "[CP] Embed Pods Frameworks";
			outputFileListPaths = (
				"${PODS_ROOT}/Target Support Files/Pods-FoursquareClone/Pods-FoursquareClone-frameworks-${CONFIGURATION}-output-files.xcfilelist",
			);
			runOnlyForDeploymentPostprocessing = 0;
			shellPath = /bin/sh;
			shellScript = "\"${PODS_ROOT}/Target Support Files/Pods-FoursquareClone/Pods-FoursquareClone-frameworks.sh\"\n";
			showEnvVarsInLog = 0;
		};
		8996BB9E548A2BB35C416C26 /* [CP] Check Pods Manifest.lock */ = {
			isa = PBXShellScriptBuildPhase;
			buildActionMask = 2147483647;
			files = (
			);
			inputFileListPaths = (
			);
			inputPaths = (
				"${PODS_PODFILE_DIR_PATH}/Podfile.lock",
				"${PODS_ROOT}/Manifest.lock",
			);
			name = "[CP] Check Pods Manifest.lock";
			outputFileListPaths = (
			);
			outputPaths = (
				"$(DERIVED_FILE_DIR)/Pods-FoursquareCloneTests-checkManifestLockResult.txt",
			);
			runOnlyForDeploymentPostprocessing = 0;
			shellPath = /bin/sh;
			shellScript = "diff \"${PODS_PODFILE_DIR_PATH}/Podfile.lock\" \"${PODS_ROOT}/Manifest.lock\" > /dev/null\nif [ $? != 0 ] ; then\n    # print error to STDERR\n    echo \"error: The sandbox is not in sync with the Podfile.lock. Run 'pod install' or update your CocoaPods installation.\" >&2\n    exit 1\nfi\n# This output is used by Xcode 'outputs' to avoid re-running this script phase.\necho \"SUCCESS\" > \"${SCRIPT_OUTPUT_FILE_0}\"\n";
			showEnvVarsInLog = 0;
		};
		9BD6233BFB7817F191B4E9EB /* [CP] Check Pods Manifest.lock */ = {
			isa = PBXShellScriptBuildPhase;
			buildActionMask = 2147483647;
			files = (
			);
			inputFileListPaths = (
			);
			inputPaths = (
				"${PODS_PODFILE_DIR_PATH}/Podfile.lock",
				"${PODS_ROOT}/Manifest.lock",
			);
			name = "[CP] Check Pods Manifest.lock";
			outputFileListPaths = (
			);
			outputPaths = (
				"$(DERIVED_FILE_DIR)/Pods-FoursquareClone-FoursquareCloneUITests-checkManifestLockResult.txt",
			);
			runOnlyForDeploymentPostprocessing = 0;
			shellPath = /bin/sh;
			shellScript = "diff \"${PODS_PODFILE_DIR_PATH}/Podfile.lock\" \"${PODS_ROOT}/Manifest.lock\" > /dev/null\nif [ $? != 0 ] ; then\n    # print error to STDERR\n    echo \"error: The sandbox is not in sync with the Podfile.lock. Run 'pod install' or update your CocoaPods installation.\" >&2\n    exit 1\nfi\n# This output is used by Xcode 'outputs' to avoid re-running this script phase.\necho \"SUCCESS\" > \"${SCRIPT_OUTPUT_FILE_0}\"\n";
			showEnvVarsInLog = 0;
		};
		B7AC9739CFD80A918DFB28A4 /* [CP] Check Pods Manifest.lock */ = {
			isa = PBXShellScriptBuildPhase;
			buildActionMask = 2147483647;
			files = (
			);
			inputFileListPaths = (
			);
			inputPaths = (
				"${PODS_PODFILE_DIR_PATH}/Podfile.lock",
				"${PODS_ROOT}/Manifest.lock",
			);
			name = "[CP] Check Pods Manifest.lock";
			outputFileListPaths = (
			);
			outputPaths = (
				"$(DERIVED_FILE_DIR)/Pods-FoursquareClone-checkManifestLockResult.txt",
			);
			runOnlyForDeploymentPostprocessing = 0;
			shellPath = /bin/sh;
			shellScript = "diff \"${PODS_PODFILE_DIR_PATH}/Podfile.lock\" \"${PODS_ROOT}/Manifest.lock\" > /dev/null\nif [ $? != 0 ] ; then\n    # print error to STDERR\n    echo \"error: The sandbox is not in sync with the Podfile.lock. Run 'pod install' or update your CocoaPods installation.\" >&2\n    exit 1\nfi\n# This output is used by Xcode 'outputs' to avoid re-running this script phase.\necho \"SUCCESS\" > \"${SCRIPT_OUTPUT_FILE_0}\"\n";
			showEnvVarsInLog = 0;
		};
		E2884B4BF53B2D97D3C11C3F /* [CP] Embed Pods Frameworks */ = {
			isa = PBXShellScriptBuildPhase;
			buildActionMask = 2147483647;
			files = (
			);
			inputFileListPaths = (
				"${PODS_ROOT}/Target Support Files/Pods-FoursquareClone-FoursquareCloneUITests/Pods-FoursquareClone-FoursquareCloneUITests-frameworks-${CONFIGURATION}-input-files.xcfilelist",
			);
			name = "[CP] Embed Pods Frameworks";
			outputFileListPaths = (
				"${PODS_ROOT}/Target Support Files/Pods-FoursquareClone-FoursquareCloneUITests/Pods-FoursquareClone-FoursquareCloneUITests-frameworks-${CONFIGURATION}-output-files.xcfilelist",
			);
			runOnlyForDeploymentPostprocessing = 0;
			shellPath = /bin/sh;
			shellScript = "\"${PODS_ROOT}/Target Support Files/Pods-FoursquareClone-FoursquareCloneUITests/Pods-FoursquareClone-FoursquareCloneUITests-frameworks.sh\"\n";
			showEnvVarsInLog = 0;
		};
/* End PBXShellScriptBuildPhase section */

/* Begin PBXSourcesBuildPhase section */
		E66EC83827F8AF4F00B42D85 /* Sources */ = {
			isa = PBXSourcesBuildPhase;
			buildActionMask = 2147483647;
			files = (
				E66EC87227F8F7B100B42D85 /* AddPlaceVC.swift in Sources */,
				E66EC84427F8AF4F00B42D85 /* SignUPVC.swift in Sources */,
				E66EC84027F8AF4F00B42D85 /* AppDelegate.swift in Sources */,
				E66EC87427F8F90C00B42D85 /* MapVc.swift in Sources */,
				E66EC87627F8FC8100B42D85 /* DetailsVC.swift in Sources */,
				E66EC87827F9022100B42D85 /* PlaceModelWithSingleton.swift in Sources */,
				E66EC87027F8BAE300B42D85 /* PlacesVC.swift in Sources */,
				E66EC84227F8AF4F00B42D85 /* SceneDelegate.swift in Sources */,
			);
			runOnlyForDeploymentPostprocessing = 0;
		};
		E66EC84E27F8AF5100B42D85 /* Sources */ = {
			isa = PBXSourcesBuildPhase;
			buildActionMask = 2147483647;
			files = (
				E66EC85727F8AF5100B42D85 /* FoursquareCloneTests.swift in Sources */,
			);
			runOnlyForDeploymentPostprocessing = 0;
		};
		E66EC85827F8AF5100B42D85 /* Sources */ = {
			isa = PBXSourcesBuildPhase;
			buildActionMask = 2147483647;
			files = (
				E66EC86127F8AF5100B42D85 /* FoursquareCloneUITests.swift in Sources */,
				E66EC86327F8AF5100B42D85 /* FoursquareCloneUITestsLaunchTests.swift in Sources */,
			);
			runOnlyForDeploymentPostprocessing = 0;
		};
/* End PBXSourcesBuildPhase section */

/* Begin PBXTargetDependency section */
		E66EC85427F8AF5100B42D85 /* PBXTargetDependency */ = {
			isa = PBXTargetDependency;
			target = E66EC83B27F8AF4F00B42D85 /* FoursquareClone */;
			targetProxy = E66EC85327F8AF5100B42D85 /* PBXContainerItemProxy */;
		};
		E66EC85E27F8AF5100B42D85 /* PBXTargetDependency */ = {
			isa = PBXTargetDependency;
			target = E66EC83B27F8AF4F00B42D85 /* FoursquareClone */;
			targetProxy = E66EC85D27F8AF5100B42D85 /* PBXContainerItemProxy */;
		};
/* End PBXTargetDependency section */

/* Begin PBXVariantGroup section */
		E66EC84527F8AF4F00B42D85 /* Main.storyboard */ = {
			isa = PBXVariantGroup;
			children = (
				E66EC84627F8AF4F00B42D85 /* Base */,
			);
			name = Main.storyboard;
			sourceTree = "<group>";
		};
		E66EC84A27F8AF5100B42D85 /* LaunchScreen.storyboard */ = {
			isa = PBXVariantGroup;
			children = (
				E66EC84B27F8AF5100B42D85 /* Base */,
			);
			name = LaunchScreen.storyboard;
			sourceTree = "<group>";
		};
/* End PBXVariantGroup section */

/* Begin XCBuildConfiguration section */
		E66EC86427F8AF5100B42D85 /* Debug */ = {
			isa = XCBuildConfiguration;
			buildSettings = {
				ALWAYS_SEARCH_USER_PATHS = NO;
				CLANG_ANALYZER_NONNULL = YES;
				CLANG_ANALYZER_NUMBER_OBJECT_CONVERSION = YES_AGGRESSIVE;
				CLANG_CXX_LANGUAGE_STANDARD = "gnu++17";
				CLANG_CXX_LIBRARY = "libc++";
				CLANG_ENABLE_MODULES = YES;
				CLANG_ENABLE_OBJC_ARC = YES;
				CLANG_ENABLE_OBJC_WEAK = YES;
				CLANG_WARN_BLOCK_CAPTURE_AUTORELEASING = YES;
				CLANG_WARN_BOOL_CONVERSION = YES;
				CLANG_WARN_COMMA = YES;
				CLANG_WARN_CONSTANT_CONVERSION = YES;
				CLANG_WARN_DEPRECATED_OBJC_IMPLEMENTATIONS = YES;
				CLANG_WARN_DIRECT_OBJC_ISA_USAGE = YES_ERROR;
				CLANG_WARN_DOCUMENTATION_COMMENTS = YES;
				CLANG_WARN_EMPTY_BODY = YES;
				CLANG_WARN_ENUM_CONVERSION = YES;
				CLANG_WARN_INFINITE_RECURSION = YES;
				CLANG_WARN_INT_CONVERSION = YES;
				CLANG_WARN_NON_LITERAL_NULL_CONVERSION = YES;
				CLANG_WARN_OBJC_IMPLICIT_RETAIN_SELF = YES;
				CLANG_WARN_OBJC_LITERAL_CONVERSION = YES;
				CLANG_WARN_OBJC_ROOT_CLASS = YES_ERROR;
				CLANG_WARN_QUOTED_INCLUDE_IN_FRAMEWORK_HEADER = YES;
				CLANG_WARN_RANGE_LOOP_ANALYSIS = YES;
				CLANG_WARN_STRICT_PROTOTYPES = YES;
				CLANG_WARN_SUSPICIOUS_MOVE = YES;
				CLANG_WARN_UNGUARDED_AVAILABILITY = YES_AGGRESSIVE;
				CLANG_WARN_UNREACHABLE_CODE = YES;
				CLANG_WARN__DUPLICATE_METHOD_MATCH = YES;
				COPY_PHASE_STRIP = NO;
				DEBUG_INFORMATION_FORMAT = dwarf;
				ENABLE_STRICT_OBJC_MSGSEND = YES;
				ENABLE_TESTABILITY = YES;
				GCC_C_LANGUAGE_STANDARD = gnu11;
				GCC_DYNAMIC_NO_PIC = NO;
				GCC_NO_COMMON_BLOCKS = YES;
				GCC_OPTIMIZATION_LEVEL = 0;
				GCC_PREPROCESSOR_DEFINITIONS = (
					"DEBUG=1",
					"$(inherited)",
				);
				GCC_WARN_64_TO_32_BIT_CONVERSION = YES;
				GCC_WARN_ABOUT_RETURN_TYPE = YES_ERROR;
				GCC_WARN_UNDECLARED_SELECTOR = YES;
				GCC_WARN_UNINITIALIZED_AUTOS = YES_AGGRESSIVE;
				GCC_WARN_UNUSED_FUNCTION = YES;
				GCC_WARN_UNUSED_VARIABLE = YES;
				IPHONEOS_DEPLOYMENT_TARGET = 15.0;
				MTL_ENABLE_DEBUG_INFO = INCLUDE_SOURCE;
				MTL_FAST_MATH = YES;
				ONLY_ACTIVE_ARCH = YES;
				SDKROOT = iphoneos;
				SWIFT_ACTIVE_COMPILATION_CONDITIONS = DEBUG;
				SWIFT_OPTIMIZATION_LEVEL = "-Onone";
			};
			name = Debug;
		};
		E66EC86527F8AF5100B42D85 /* Release */ = {
			isa = XCBuildConfiguration;
			buildSettings = {
				ALWAYS_SEARCH_USER_PATHS = NO;
				CLANG_ANALYZER_NONNULL = YES;
				CLANG_ANALYZER_NUMBER_OBJECT_CONVERSION = YES_AGGRESSIVE;
				CLANG_CXX_LANGUAGE_STANDARD = "gnu++17";
				CLANG_CXX_LIBRARY = "libc++";
				CLANG_ENABLE_MODULES = YES;
				CLANG_ENABLE_OBJC_ARC = YES;
				CLANG_ENABLE_OBJC_WEAK = YES;
				CLANG_WARN_BLOCK_CAPTURE_AUTORELEASING = YES;
				CLANG_WARN_BOOL_CONVERSION = YES;
				CLANG_WARN_COMMA = YES;
				CLANG_WARN_CONSTANT_CONVERSION = YES;
				CLANG_WARN_DEPRECATED_OBJC_IMPLEMENTATIONS = YES;
				CLANG_WARN_DIRECT_OBJC_ISA_USAGE = YES_ERROR;
				CLANG_WARN_DOCUMENTATION_COMMENTS = YES;
				CLANG_WARN_EMPTY_BODY = YES;
				CLANG_WARN_ENUM_CONVERSION = YES;
				CLANG_WARN_INFINITE_RECURSION = YES;
				CLANG_WARN_INT_CONVERSION = YES;
				CLANG_WARN_NON_LITERAL_NULL_CONVERSION = YES;
				CLANG_WARN_OBJC_IMPLICIT_RETAIN_SELF = YES;
				CLANG_WARN_OBJC_LITERAL_CONVERSION = YES;
				CLANG_WARN_OBJC_ROOT_CLASS = YES_ERROR;
				CLANG_WARN_QUOTED_INCLUDE_IN_FRAMEWORK_HEADER = YES;
				CLANG_WARN_RANGE_LOOP_ANALYSIS = YES;
				CLANG_WARN_STRICT_PROTOTYPES = YES;
				CLANG_WARN_SUSPICIOUS_MOVE = YES;
				CLANG_WARN_UNGUARDED_AVAILABILITY = YES_AGGRESSIVE;
				CLANG_WARN_UNREACHABLE_CODE = YES;
				CLANG_WARN__DUPLICATE_METHOD_MATCH = YES;
				COPY_PHASE_STRIP = NO;
				DEBUG_INFORMATION_FORMAT = "dwarf-with-dsym";
				ENABLE_NS_ASSERTIONS = NO;
				ENABLE_STRICT_OBJC_MSGSEND = YES;
				GCC_C_LANGUAGE_STANDARD = gnu11;
				GCC_NO_COMMON_BLOCKS = YES;
				GCC_WARN_64_TO_32_BIT_CONVERSION = YES;
				GCC_WARN_ABOUT_RETURN_TYPE = YES_ERROR;
				GCC_WARN_UNDECLARED_SELECTOR = YES;
				GCC_WARN_UNINITIALIZED_AUTOS = YES_AGGRESSIVE;
				GCC_WARN_UNUSED_FUNCTION = YES;
				GCC_WARN_UNUSED_VARIABLE = YES;
				IPHONEOS_DEPLOYMENT_TARGET = 15.0;
				MTL_ENABLE_DEBUG_INFO = NO;
				MTL_FAST_MATH = YES;
				SDKROOT = iphoneos;
				SWIFT_COMPILATION_MODE = wholemodule;
				SWIFT_OPTIMIZATION_LEVEL = "-O";
				VALIDATE_PRODUCT = YES;
			};
			name = Release;
		};
		E66EC86727F8AF5100B42D85 /* Debug */ = {
			isa = XCBuildConfiguration;
			baseConfigurationReference = 514913C18D2337ABB02299BF /* Pods-FoursquareClone.debug.xcconfig */;
			buildSettings = {
				ASSETCATALOG_COMPILER_APPICON_NAME = AppIcon;
				ASSETCATALOG_COMPILER_GLOBAL_ACCENT_COLOR_NAME = AccentColor;
				CODE_SIGN_STYLE = Automatic;
				CURRENT_PROJECT_VERSION = 1;
				GENERATE_INFOPLIST_FILE = YES;
				INFOPLIST_FILE = FoursquareClone/Info.plist;
				INFOPLIST_KEY_UIApplicationSupportsIndirectInputEvents = YES;
				INFOPLIST_KEY_UILaunchStoryboardName = LaunchScreen;
				INFOPLIST_KEY_UIMainStoryboardFile = Main;
				INFOPLIST_KEY_UISupportedInterfaceOrientations_iPad = "UIInterfaceOrientationPortrait UIInterfaceOrientationPortraitUpsideDown UIInterfaceOrientationLandscapeLeft UIInterfaceOrientationLandscapeRight";
				INFOPLIST_KEY_UISupportedInterfaceOrientations_iPhone = "UIInterfaceOrientationPortrait UIInterfaceOrientationLandscapeLeft UIInterfaceOrientationLandscapeRight";
				LD_RUNPATH_SEARCH_PATHS = (
					"$(inherited)",
					"@executable_path/Frameworks",
				);
				MARKETING_VERSION = 1.0;
				PRODUCT_BUNDLE_IDENTIFIER = info.FoursquareClone;
				PRODUCT_NAME = "$(TARGET_NAME)";
				SWIFT_EMIT_LOC_STRINGS = YES;
				SWIFT_VERSION = 5.0;
				TARGETED_DEVICE_FAMILY = "1,2";
			};
			name = Debug;
		};
		E66EC86827F8AF5100B42D85 /* Release */ = {
			isa = XCBuildConfiguration;
			baseConfigurationReference = 0CE14AAB3CD30C99E5C3904F /* Pods-FoursquareClone.release.xcconfig */;
			buildSettings = {
				ASSETCATALOG_COMPILER_APPICON_NAME = AppIcon;
				ASSETCATALOG_COMPILER_GLOBAL_ACCENT_COLOR_NAME = AccentColor;
				CODE_SIGN_STYLE = Automatic;
				CURRENT_PROJECT_VERSION = 1;
				GENERATE_INFOPLIST_FILE = YES;
				INFOPLIST_FILE = FoursquareClone/Info.plist;
				INFOPLIST_KEY_UIApplicationSupportsIndirectInputEvents = YES;
				INFOPLIST_KEY_UILaunchStoryboardName = LaunchScreen;
				INFOPLIST_KEY_UIMainStoryboardFile = Main;
				INFOPLIST_KEY_UISupportedInterfaceOrientations_iPad = "UIInterfaceOrientationPortrait UIInterfaceOrientationPortraitUpsideDown UIInterfaceOrientationLandscapeLeft UIInterfaceOrientationLandscapeRight";
				INFOPLIST_KEY_UISupportedInterfaceOrientations_iPhone = "UIInterfaceOrientationPortrait UIInterfaceOrientationLandscapeLeft UIInterfaceOrientationLandscapeRight";
				LD_RUNPATH_SEARCH_PATHS = (
					"$(inherited)",
					"@executable_path/Frameworks",
				);
				MARKETING_VERSION = 1.0;
				PRODUCT_BUNDLE_IDENTIFIER = info.FoursquareClone;
				PRODUCT_NAME = "$(TARGET_NAME)";
				SWIFT_EMIT_LOC_STRINGS = YES;
				SWIFT_VERSION = 5.0;
				TARGETED_DEVICE_FAMILY = "1,2";
			};
			name = Release;
		};
		E66EC86A27F8AF5100B42D85 /* Debug */ = {
			isa = XCBuildConfiguration;
			baseConfigurationReference = 80E2E5C0044BAAFD7E878E94 /* Pods-FoursquareCloneTests.debug.xcconfig */;
			buildSettings = {
				ALWAYS_EMBED_SWIFT_STANDARD_LIBRARIES = YES;
				BUNDLE_LOADER = "$(TEST_HOST)";
				CODE_SIGN_STYLE = Automatic;
				CURRENT_PROJECT_VERSION = 1;
				GENERATE_INFOPLIST_FILE = YES;
				IPHONEOS_DEPLOYMENT_TARGET = 15.0;
				LD_RUNPATH_SEARCH_PATHS = (
					"$(inherited)",
					"@executable_path/Frameworks",
					"@loader_path/Frameworks",
				);
				MARKETING_VERSION = 1.0;
				PRODUCT_BUNDLE_IDENTIFIER = info.FoursquareCloneTests;
				PRODUCT_NAME = "$(TARGET_NAME)";
				SWIFT_EMIT_LOC_STRINGS = NO;
				SWIFT_VERSION = 5.0;
				TARGETED_DEVICE_FAMILY = "1,2";
				TEST_HOST = "$(BUILT_PRODUCTS_DIR)/FoursquareClone.app/FoursquareClone";
			};
			name = Debug;
		};
		E66EC86B27F8AF5100B42D85 /* Release */ = {
			isa = XCBuildConfiguration;
			baseConfigurationReference = 422A377F264BF59AD07E2421 /* Pods-FoursquareCloneTests.release.xcconfig */;
			buildSettings = {
				ALWAYS_EMBED_SWIFT_STANDARD_LIBRARIES = YES;
				BUNDLE_LOADER = "$(TEST_HOST)";
				CODE_SIGN_STYLE = Automatic;
				CURRENT_PROJECT_VERSION = 1;
				GENERATE_INFOPLIST_FILE = YES;
				IPHONEOS_DEPLOYMENT_TARGET = 15.0;
				LD_RUNPATH_SEARCH_PATHS = (
					"$(inherited)",
					"@executable_path/Frameworks",
					"@loader_path/Frameworks",
				);
				MARKETING_VERSION = 1.0;
				PRODUCT_BUNDLE_IDENTIFIER = info.FoursquareCloneTests;
				PRODUCT_NAME = "$(TARGET_NAME)";
				SWIFT_EMIT_LOC_STRINGS = NO;
				SWIFT_VERSION = 5.0;
				TARGETED_DEVICE_FAMILY = "1,2";
				TEST_HOST = "$(BUILT_PRODUCTS_DIR)/FoursquareClone.app/FoursquareClone";
			};
			name = Release;
		};
		E66EC86D27F8AF5100B42D85 /* Debug */ = {
			isa = XCBuildConfiguration;
			baseConfigurationReference = F0115A3D7267F16CF3B1D563 /* Pods-FoursquareClone-FoursquareCloneUITests.debug.xcconfig */;
			buildSettings = {
				ALWAYS_EMBED_SWIFT_STANDARD_LIBRARIES = YES;
				CODE_SIGN_STYLE = Automatic;
				CURRENT_PROJECT_VERSION = 1;
				GENERATE_INFOPLIST_FILE = YES;
				LD_RUNPATH_SEARCH_PATHS = (
					"$(inherited)",
					"@executable_path/Frameworks",
					"@loader_path/Frameworks",
				);
				MARKETING_VERSION = 1.0;
				PRODUCT_BUNDLE_IDENTIFIER = info.FoursquareCloneUITests;
				PRODUCT_NAME = "$(TARGET_NAME)";
				SWIFT_EMIT_LOC_STRINGS = NO;
				SWIFT_VERSION = 5.0;
				TARGETED_DEVICE_FAMILY = "1,2";
				TEST_TARGET_NAME = FoursquareClone;
			};
			name = Debug;
		};
		E66EC86E27F8AF5100B42D85 /* Release */ = {
			isa = XCBuildConfiguration;
			baseConfigurationReference = 76248B18AD6D105B93A79856 /* Pods-FoursquareClone-FoursquareCloneUITests.release.xcconfig */;
			buildSettings = {
				ALWAYS_EMBED_SWIFT_STANDARD_LIBRARIES = YES;
				CODE_SIGN_STYLE = Automatic;
				CURRENT_PROJECT_VERSION = 1;
				GENERATE_INFOPLIST_FILE = YES;
				LD_RUNPATH_SEARCH_PATHS = (
					"$(inherited)",
					"@executable_path/Frameworks",
					"@loader_path/Frameworks",
				);
				MARKETING_VERSION = 1.0;
				PRODUCT_BUNDLE_IDENTIFIER = info.FoursquareCloneUITests;
				PRODUCT_NAME = "$(TARGET_NAME)";
				SWIFT_EMIT_LOC_STRINGS = NO;
				SWIFT_VERSION = 5.0;
				TARGETED_DEVICE_FAMILY = "1,2";
				TEST_TARGET_NAME = FoursquareClone;
			};
			name = Release;
		};
/* End XCBuildConfiguration section */

/* Begin XCConfigurationList section */
		E66EC83727F8AF4F00B42D85 /* Build configuration list for PBXProject "FoursquareClone" */ = {
			isa = XCConfigurationList;
			buildConfigurations = (
				E66EC86427F8AF5100B42D85 /* Debug */,
				E66EC86527F8AF5100B42D85 /* Release */,
			);
			defaultConfigurationIsVisible = 0;
			defaultConfigurationName = Release;
		};
		E66EC86627F8AF5100B42D85 /* Build configuration list for PBXNativeTarget "FoursquareClone" */ = {
			isa = XCConfigurationList;
			buildConfigurations = (
				E66EC86727F8AF5100B42D85 /* Debug */,
				E66EC86827F8AF5100B42D85 /* Release */,
			);
			defaultConfigurationIsVisible = 0;
			defaultConfigurationName = Release;
		};
		E66EC86927F8AF5100B42D85 /* Build configuration list for PBXNativeTarget "FoursquareCloneTests" */ = {
			isa = XCConfigurationList;
			buildConfigurations = (
				E66EC86A27F8AF5100B42D85 /* Debug */,
				E66EC86B27F8AF5100B42D85 /* Release */,
			);
			defaultConfigurationIsVisible = 0;
			defaultConfigurationName = Release;
		};
		E66EC86C27F8AF5100B42D85 /* Build configuration list for PBXNativeTarget "FoursquareCloneUITests" */ = {
			isa = XCConfigurationList;
			buildConfigurations = (
				E66EC86D27F8AF5100B42D85 /* Debug */,
				E66EC86E27F8AF5100B42D85 /* Release */,
			);
			defaultConfigurationIsVisible = 0;
			defaultConfigurationName = Release;
		};
/* End XCConfigurationList section */
	};
	rootObject = E66EC83427F8AF4F00B42D85 /* Project object */;
}
